# THIS IS AN AUTOGENERATED FILE. DO NOT EDIT THIS FILE DIRECTLY.
# yarn lockfile v1


"@bconnorwhite/module@^2.0.2":
  version "2.0.2"
  resolved "https://registry.yarnpkg.com/@bconnorwhite/module/-/module-2.0.2.tgz#557846110bb89412e9689ac778358bc2b1af0c4a"
  integrity sha512-ck1me5WMgZKp06gnJrVKEkytpehTTQbvsAMbF1nGPeHri/AZNhj87++PSE2LOxmZqM0EtGMaqeLdx7Lw7SUnTA==
  dependencies:
    find-up "^5.0.0"
    read-json-safe "^1.0.5"
    types-pkg-json "^1.1.0"

commander-version@^3.0.0:
  version "3.0.0"
  resolved "https://registry.yarnpkg.com/commander-version/-/commander-version-3.0.0.tgz#0d5d172cba055acdb40490db3afe2ee946fa3795"
  integrity sha512-7czv7cyvaNIMficskfWAKDK0sMo9LJEUQSQWXsnULtq8I0F2BJJAb+kdwrDk/iu8pfU1u6M1n33KV3jL8HLOmg==
  dependencies:
    "@bconnorwhite/module" "^2.0.2"
    commander "^7.2.0"

commander@^11.0.0:
  version "11.0.0"
  resolved "https://registry.yarnpkg.com/commander/-/commander-11.0.0.tgz#43e19c25dbedc8256203538e8d7e9346877a6f67"
  integrity sha512-9HMlXtt/BNoYr8ooyjjNRdIilOTkVJXB+GhxMTtOKwk0R4j4lS4NpjuqmRxroBfnfTSHQIHQB7wryHhXarNjmQ==

commander@^7.2.0:
  version "7.2.0"
  resolved "https://registry.yarnpkg.com/commander/-/commander-7.2.0.tgz#a36cb57d0b501ce108e4d20559a150a391d97ab7"
  integrity sha512-QrWXB+ZQSVPmIWIhtEO9H+gwHaMGYiF5ChvoJ+K9ZGHG/sVsa6yiesAD1GC/x46sET00Xlwo1u49RVVVzvcSkw==

find-up@^5.0.0:
  version "5.0.0"
  resolved "https://registry.yarnpkg.com/find-up/-/find-up-5.0.0.tgz#4c92819ecb7083561e4f4a240a86be5198f536fc"
  integrity sha512-78/PXT1wlLLDgTzDs7sjq9hzz0vXD+zn+7wypEe4fXQxCmdmqfGsEPQxmiCSQI3ajFV91bVSsvNtrJRiW6nGng==
  dependencies:
    locate-path "^6.0.0"
    path-exists "^4.0.0"

locate-path@^6.0.0:
  version "6.0.0"
  resolved "https://registry.yarnpkg.com/locate-path/-/locate-path-6.0.0.tgz#55321eb309febbc59c4801d931a72452a681d286"
  integrity sha512-iPZK6eYjbxRu3uB4/WZ3EsEIMJFMqAoopl3R+zuq0UjcAm/MO6KCweDgPfP3elTztoKP3KtnVHxTn2NHBSDVUw==
  dependencies:
    p-locate "^5.0.0"

p-limit@^3.0.2:
  version "3.1.0"
  resolved "https://registry.yarnpkg.com/p-limit/-/p-limit-3.1.0.tgz#e1daccbe78d0d1388ca18c64fea38e3e57e3706b"
  integrity sha512-TYOanM3wGwNGsZN2cVTYPArw454xnXj5qmWF1bEoAc4+cU/ol7GVh7odevjp1FNHduHc3KZMcFduxU5Xc6uJRQ==
  dependencies:
    yocto-queue "^0.1.0"

p-locate@^5.0.0:
  version "5.0.0"
  resolved "https://registry.yarnpkg.com/p-locate/-/p-locate-5.0.0.tgz#83c8315c6785005e3bd021839411c9e110e6d834"
  integrity sha512-LaNjtRWUBY++zB5nE/NwcaoMylSPk+S+ZHNB1TzdbMJMny6dynpAGt7X/tl/QYq3TIeE6nxHppbo2LGymrG5Pw==
  dependencies:
    p-limit "^3.0.2"

parse-json-object@^1.0.5:
  version "1.1.0"
  resolved "https://registry.yarnpkg.com/parse-json-object/-/parse-json-object-1.1.0.tgz#eef60211cec368259723d8586ecec7252f8fcdb2"
  integrity sha512-4w5s6uJY1tW9REY8UwUOyaZKSKsrbQrMEzlV/Le/g5t4iMWuuyK83pZZ0OZimSOL9iyv2ORvRSgz71Ekd7iD3g==
  dependencies:
    types-json "^1.0.6"

path-exists@^4.0.0:
  version "4.0.0"
  resolved "https://registry.yarnpkg.com/path-exists/-/path-exists-4.0.0.tgz#513bdbe2d3b95d7762e8c1137efa195c6c61b5b3"
  integrity sha512-ak9Qy5Q7jYb2Wwcey5Fpvg2KoAc/ZIhLSLOSBmRmygPsGwkVVt0fZa0qrtMz+m6tJTAHfZQ8FnmB4MG4LWy7/w==

read-file-safe@^1.0.5:
  version "1.0.10"
  resolved "https://registry.yarnpkg.com/read-file-safe/-/read-file-safe-1.0.10.tgz#9ac9118f12cb122614612211f90dad9daf732e39"
  integrity sha512-qW25fd2uMX3dV6Ui/R0jYK1MhTpjx8FO/VHaHTXzwWsGnkNwLRcqYfCXd9qDM+NZ273DPUvP2RaimYuLSu1K/g==

read-json-safe@^1.0.5:
  version "1.0.5"
  resolved "https://registry.yarnpkg.com/read-json-safe/-/read-json-safe-1.0.5.tgz#c459443b8e6eb3a2672cf68ddc81d2f4ef95c8d7"
  integrity sha512-SJyNY/U9+vW35FPus22Qvv1oilnR7PCfN2E70uKQEGaJS313A5/cz9Yhv7ZtWzZ+XIwrtEPxXf10BOyYemHehA==
  dependencies:
    parse-json-object "^1.0.5"
    read-file-safe "^1.0.5"

types-eslintrc@^1.0.3:
  version "1.0.3"
  resolved "https://registry.yarnpkg.com/types-eslintrc/-/types-eslintrc-1.0.3.tgz#b277d301caca6c330477cbaa67bf6f79ac3d6fee"
  integrity sha512-zKTR6aKHEudQpl+JoZjS3qh0B5IzSpQK/BCpYBECujcnKtqL87DJJ1sJKe5B8k/y8/UJ5sukq42QDvlaJyCO2w==
  dependencies:
    types-json "^1.2.2"

types-json@^1.0.6, types-json@^1.2.2:
  version "1.2.2"
  resolved "https://registry.yarnpkg.com/types-json/-/types-json-1.2.2.tgz#91ebe6de59e741ab38a98b071708a29494cedfe6"
  integrity sha512-VfVLISHypS7ayIHvhacOESOTib4Sm4mAhnsgR8fzQdGp89YoBwMqvGmqENjtYehUQzgclT+7NafpEXkK/MHKwA==

types-pkg-json@^1.1.0:
  version "1.2.1"
  resolved "https://registry.yarnpkg.com/types-pkg-json/-/types-pkg-json-1.2.1.tgz#890fe4f231000a721299831ef3e17a489b1e635e"
  integrity sha512-Wj75lCkPwfj1BhmaJxMPpTQj9YGpihjs3WICigt1IjTAswr7zPXP0iJYPZjU0Rw/IriODhMJjAImkCIxt9KeuQ==
  dependencies:
    types-eslintrc "^1.0.3"
    types-json "^1.2.2"

yocto-queue@^0.1.0:
  version "0.1.0"
  resolved "https://registry.yarnpkg.com/yocto-queue/-/yocto-queue-0.1.0.tgz#0294eb3dee05028d31ee1a5fa2c556a6aaf10a1b"
  integrity sha512-rVksvsnNCdJ/ohGc6xgPwyN8eheCxsiLM8mxuE/t/mOVqJewPuO1miLpTHQiRgTKCLexL4MeAFVagts7HmNZ2Q==
